
Microsoft Visual Studio Solution File, Format Version 12.00
Project("{FAE04EC0-301F-11D3-BF4B-00C04F79EFBC}") = "Stack1", "Stack1\Stack1.csproj", "{D95C6F24-370B-40EA-A0BF-0B928B37E9A3}"
EndProject
Project("{FAE04EC0-301F-11D3-BF4B-00C04F79EFBC}") = "Tests", "Tests\Tests.csproj", "{1A6B988A-80F1-492B-BCF2-10A07FCE37B3}"
EndProject
Global
	GlobalSection(SolutionConfigurationPlatforms) = preSolution
		Debug|Any CPU = Debug|Any CPU
		Release|Any CPU = Release|Any CPU
	EndGlobalSection
	GlobalSection(ProjectConfigurationPlatforms) = postSolution
		{D95C6F24-370B-40EA-A0BF-0B928B37E9A3}.Debug|Any CPU.ActiveCfg = Debug|Any CPU
		{D95C6F24-370B-40EA-A0BF-0B928B37E9A3}.Debug|Any CPU.Build.0 = Debug|Any CPU
		{D95C6F24-370B-40EA-A0BF-0B928B37E9A3}.Release|Any CPU.ActiveCfg = Release|Any CPU
		{D95C6F24-370B-40EA-A0BF-0B928B37E9A3}.Release|Any CPU.Build.0 = Release|Any CPU
		{1A6B988A-80F1-492B-BCF2-10A07FCE37B3}.Debug|Any CPU.ActiveCfg = Debug|Any CPU
		{1A6B988A-80F1-492B-BCF2-10A07FCE37B3}.Debug|Any CPU.Build.0 = Debug|Any CPU
		{1A6B988A-80F1-492B-BCF2-10A07FCE37B3}.Release|Any CPU.ActiveCfg = Release|Any CPU
		{1A6B988A-80F1-492B-BCF2-10A07FCE37B3}.Release|Any CPU.Build.0 = Release|Any CPU
	EndGlobalSection
EndGlobal
